
Microsoft Visual Studio Solution File, Format Version 12.00
# Visual Studio Version 16
VisualStudioVersion = 16.0.31424.327
MinimumVisualStudioVersion = 10.0.40219.1
Project("{FAE04EC0-301F-11D3-BF4B-00C04F79EFBC}") = "Week3.1", "Week3.1\Week3.1.csproj", "{3B1CF723-A09A-4BAC-9FD7-FFE5DC7DFEDC}"
EndProject
Global
	GlobalSection(SolutionConfigurationPlatforms) = preSolution
		Debug|Any CPU = Debug|Any CPU
		Release|Any CPU = Release|Any CPU
	EndGlobalSection
	GlobalSection(ProjectConfigurationPlatforms) = postSolution
		{3B1CF723-A09A-4BAC-9FD7-FFE5DC7DFEDC}.Debug|Any CPU.ActiveCfg = Debug|Any CPU
		{3B1CF723-A09A-4BAC-9FD7-FFE5DC7DFEDC}.Debug|Any CPU.Build.0 = Debug|Any CPU
		{3B1CF723-A09A-4BAC-9FD7-FFE5DC7DFEDC}.Release|Any CPU.ActiveCfg = Release|Any CPU
		{3B1CF723-A09A-4BAC-9FD7-FFE5DC7DFEDC}.Release|Any CPU.Build.0 = Release|Any CPU
	EndGlobalSection
	GlobalSection(SolutionProperties) = preSolution
		HideSolutionNode = FALSE
	EndGlobalSection
	GlobalSection(ExtensibilityGlobals) = postSolution
		SolutionGuid = {CD7435D6-EE06-4C6E-8A8D-5B3978E3369F}
	EndGlobalSection
EndGlobal
