
Microsoft Visual Studio Solution File, Format Version 12.00
# Visual Studio Version 16
VisualStudioVersion = 16.0.31424.327
MinimumVisualStudioVersion = 10.0.40219.1
Project("{FAE04EC0-301F-11D3-BF4B-00C04F79EFBC}") = "Distributore_Cassano", "Distributore_Cassano\Distributore_Cassano.csproj", "{E7A55345-7368-42C8-955A-D906C70E6D70}"
EndProject
Global
	GlobalSection(SolutionConfigurationPlatforms) = preSolution
		Debug|Any CPU = Debug|Any CPU
		Release|Any CPU = Release|Any CPU
	EndGlobalSection
	GlobalSection(ProjectConfigurationPlatforms) = postSolution
		{E7A55345-7368-42C8-955A-D906C70E6D70}.Debug|Any CPU.ActiveCfg = Debug|Any CPU
		{E7A55345-7368-42C8-955A-D906C70E6D70}.Debug|Any CPU.Build.0 = Debug|Any CPU
		{E7A55345-7368-42C8-955A-D906C70E6D70}.Release|Any CPU.ActiveCfg = Release|Any CPU
		{E7A55345-7368-42C8-955A-D906C70E6D70}.Release|Any CPU.Build.0 = Release|Any CPU
	EndGlobalSection
	GlobalSection(SolutionProperties) = preSolution
		HideSolutionNode = FALSE
	EndGlobalSection
	GlobalSection(ExtensibilityGlobals) = postSolution
		SolutionGuid = {B4A08D8D-5E9F-477A-B0FE-45317ECDE9E8}
	EndGlobalSection
EndGlobal
