
Microsoft Visual Studio Solution File, Format Version 12.00
# Visual Studio Version 16
VisualStudioVersion = 16.0.31424.327
MinimumVisualStudioVersion = 10.0.40219.1
Project("{FAE04EC0-301F-11D3-BF4B-00C04F79EFBC}") = "Calcolatrice", "Calcolatrice\Calcolatrice.csproj", "{5D1AE1BC-EE44-4875-BD33-C7755EA8FD82}"
EndProject
Global
	GlobalSection(SolutionConfigurationPlatforms) = preSolution
		Debug|Any CPU = Debug|Any CPU
		Release|Any CPU = Release|Any CPU
	EndGlobalSection
	GlobalSection(ProjectConfigurationPlatforms) = postSolution
		{5D1AE1BC-EE44-4875-BD33-C7755EA8FD82}.Debug|Any CPU.ActiveCfg = Debug|Any CPU
		{5D1AE1BC-EE44-4875-BD33-C7755EA8FD82}.Debug|Any CPU.Build.0 = Debug|Any CPU
		{5D1AE1BC-EE44-4875-BD33-C7755EA8FD82}.Release|Any CPU.ActiveCfg = Release|Any CPU
		{5D1AE1BC-EE44-4875-BD33-C7755EA8FD82}.Release|Any CPU.Build.0 = Release|Any CPU
	EndGlobalSection
	GlobalSection(SolutionProperties) = preSolution
		HideSolutionNode = FALSE
	EndGlobalSection
	GlobalSection(ExtensibilityGlobals) = postSolution
		SolutionGuid = {D5203133-C1DC-4D4D-929F-FECA3BC0BFB1}
	EndGlobalSection
EndGlobal
