
Microsoft Visual Studio Solution File, Format Version 12.00
# Visual Studio Version 16
VisualStudioVersion = 16.0.31424.327
MinimumVisualStudioVersion = 10.0.40219.1
Project("{FAE04EC0-301F-11D3-BF4B-00C04F79EFBC}") = "Equazione2", "Equazione2\Equazione2.csproj", "{EC543F80-4F00-4422-AF5A-F2551FDC3048}"
EndProject
Global
	GlobalSection(SolutionConfigurationPlatforms) = preSolution
		Debug|Any CPU = Debug|Any CPU
		Release|Any CPU = Release|Any CPU
	EndGlobalSection
	GlobalSection(ProjectConfigurationPlatforms) = postSolution
		{EC543F80-4F00-4422-AF5A-F2551FDC3048}.Debug|Any CPU.ActiveCfg = Debug|Any CPU
		{EC543F80-4F00-4422-AF5A-F2551FDC3048}.Debug|Any CPU.Build.0 = Debug|Any CPU
		{EC543F80-4F00-4422-AF5A-F2551FDC3048}.Release|Any CPU.ActiveCfg = Release|Any CPU
		{EC543F80-4F00-4422-AF5A-F2551FDC3048}.Release|Any CPU.Build.0 = Release|Any CPU
	EndGlobalSection
	GlobalSection(SolutionProperties) = preSolution
		HideSolutionNode = FALSE
	EndGlobalSection
	GlobalSection(ExtensibilityGlobals) = postSolution
		SolutionGuid = {19B71EC9-73E1-41C8-AD97-5BA850625B5B}
	EndGlobalSection
EndGlobal
