
Microsoft Visual Studio Solution File, Format Version 12.00
# Visual Studio Version 16
VisualStudioVersion = 16.0.31424.327
MinimumVisualStudioVersion = 10.0.40219.1
Project("{FAE04EC0-301F-11D3-BF4B-00C04F79EFBC}") = "Week6.EF", "ConsoleApp3\Week6.EF.csproj", "{AEA46C83-5C70-4B09-BBBB-ABC4B92A3C28}"
EndProject
Global
	GlobalSection(SolutionConfigurationPlatforms) = preSolution
		Debug|Any CPU = Debug|Any CPU
		Release|Any CPU = Release|Any CPU
	EndGlobalSection
	GlobalSection(ProjectConfigurationPlatforms) = postSolution
		{AEA46C83-5C70-4B09-BBBB-ABC4B92A3C28}.Debug|Any CPU.ActiveCfg = Debug|Any CPU
		{AEA46C83-5C70-4B09-BBBB-ABC4B92A3C28}.Debug|Any CPU.Build.0 = Debug|Any CPU
		{AEA46C83-5C70-4B09-BBBB-ABC4B92A3C28}.Release|Any CPU.ActiveCfg = Release|Any CPU
		{AEA46C83-5C70-4B09-BBBB-ABC4B92A3C28}.Release|Any CPU.Build.0 = Release|Any CPU
	EndGlobalSection
	GlobalSection(SolutionProperties) = preSolution
		HideSolutionNode = FALSE
	EndGlobalSection
	GlobalSection(ExtensibilityGlobals) = postSolution
		SolutionGuid = {F8D17000-2AAD-48C6-8AC4-5F15A0854171}
	EndGlobalSection
EndGlobal
