
Microsoft Visual Studio Solution File, Format Version 12.00
# Visual Studio Version 16
VisualStudioVersion = 16.0.31424.327
MinimumVisualStudioVersion = 10.0.40219.1
Project("{FAE04EC0-301F-11D3-BF4B-00C04F79EFBC}") = "Week3.4", "Week3.4\Week3.4.csproj", "{D97F4314-C9F9-4E26-9B82-8C64B73A2BB0}"
EndProject
Global
	GlobalSection(SolutionConfigurationPlatforms) = preSolution
		Debug|Any CPU = Debug|Any CPU
		Release|Any CPU = Release|Any CPU
	EndGlobalSection
	GlobalSection(ProjectConfigurationPlatforms) = postSolution
		{D97F4314-C9F9-4E26-9B82-8C64B73A2BB0}.Debug|Any CPU.ActiveCfg = Debug|Any CPU
		{D97F4314-C9F9-4E26-9B82-8C64B73A2BB0}.Debug|Any CPU.Build.0 = Debug|Any CPU
		{D97F4314-C9F9-4E26-9B82-8C64B73A2BB0}.Release|Any CPU.ActiveCfg = Release|Any CPU
		{D97F4314-C9F9-4E26-9B82-8C64B73A2BB0}.Release|Any CPU.Build.0 = Release|Any CPU
	EndGlobalSection
	GlobalSection(SolutionProperties) = preSolution
		HideSolutionNode = FALSE
	EndGlobalSection
	GlobalSection(ExtensibilityGlobals) = postSolution
		SolutionGuid = {CEF555A3-8354-474F-8899-B8353D24330E}
	EndGlobalSection
EndGlobal
