
Microsoft Visual Studio Solution File, Format Version 12.00
# Visual Studio Version 16
VisualStudioVersion = 16.0.31424.327
MinimumVisualStudioVersion = 10.0.40219.1
Project("{FAE04EC0-301F-11D3-BF4B-00C04F79EFBC}") = "Prove", "Prove\Prove.csproj", "{1328A869-2AAE-4968-A974-C305C0FCBB51}"
EndProject
Global
	GlobalSection(SolutionConfigurationPlatforms) = preSolution
		Debug|Any CPU = Debug|Any CPU
		Release|Any CPU = Release|Any CPU
	EndGlobalSection
	GlobalSection(ProjectConfigurationPlatforms) = postSolution
		{1328A869-2AAE-4968-A974-C305C0FCBB51}.Debug|Any CPU.ActiveCfg = Debug|Any CPU
		{1328A869-2AAE-4968-A974-C305C0FCBB51}.Debug|Any CPU.Build.0 = Debug|Any CPU
		{1328A869-2AAE-4968-A974-C305C0FCBB51}.Release|Any CPU.ActiveCfg = Release|Any CPU
		{1328A869-2AAE-4968-A974-C305C0FCBB51}.Release|Any CPU.Build.0 = Release|Any CPU
	EndGlobalSection
	GlobalSection(SolutionProperties) = preSolution
		HideSolutionNode = FALSE
	EndGlobalSection
	GlobalSection(ExtensibilityGlobals) = postSolution
		SolutionGuid = {8DCFEE68-C855-49BF-B36E-0F123B751FE1}
	EndGlobalSection
EndGlobal
