
Microsoft Visual Studio Solution File, Format Version 12.00
# Visual Studio Version 16
VisualStudioVersion = 16.0.31424.327
MinimumVisualStudioVersion = 10.0.40219.1
Project("{FAE04EC0-301F-11D3-BF4B-00C04F79EFBC}") = "ProvaException", "ProvaException\ProvaException.csproj", "{0AAC7937-8C09-467A-B5B9-035C51A11CD1}"
EndProject
Global
	GlobalSection(SolutionConfigurationPlatforms) = preSolution
		Debug|Any CPU = Debug|Any CPU
		Release|Any CPU = Release|Any CPU
	EndGlobalSection
	GlobalSection(ProjectConfigurationPlatforms) = postSolution
		{0AAC7937-8C09-467A-B5B9-035C51A11CD1}.Debug|Any CPU.ActiveCfg = Debug|Any CPU
		{0AAC7937-8C09-467A-B5B9-035C51A11CD1}.Debug|Any CPU.Build.0 = Debug|Any CPU
		{0AAC7937-8C09-467A-B5B9-035C51A11CD1}.Release|Any CPU.ActiveCfg = Release|Any CPU
		{0AAC7937-8C09-467A-B5B9-035C51A11CD1}.Release|Any CPU.Build.0 = Release|Any CPU
	EndGlobalSection
	GlobalSection(SolutionProperties) = preSolution
		HideSolutionNode = FALSE
	EndGlobalSection
	GlobalSection(ExtensibilityGlobals) = postSolution
		SolutionGuid = {60652A0D-967B-4EE6-BC37-9814164DD520}
	EndGlobalSection
EndGlobal
